
Microsoft Visual Studio Solution File, Format Version 12.00
# Visual Studio 15
Project("{FAE04EC0-301F-11D3-BF4B-00C04F79EFBC}") = "Assembly-CSharp-Editor", "Assembly-CSharp-Editor.csproj", "{A11CDA3D-EA8A-C032-07C5-9E364E5C1457}"
EndProject
Project("{FAE04EC0-301F-11D3-BF4B-00C04F79EFBC}") = "Assembly-CSharp", "Assembly-CSharp.csproj", "{6946D168-BE22-B3F2-250C-5BEDC61E05DD}"
EndProject
Global
	GlobalSection(SolutionConfigurationPlatforms) = preSolution
		Debug|Any CPU = Debug|Any CPU
		Release|Any CPU = Release|Any CPU
	EndGlobalSection
	GlobalSection(ProjectConfigurationPlatforms) = postSolution
		{A11CDA3D-EA8A-C032-07C5-9E364E5C1457}.Debug|Any CPU.ActiveCfg = Debug|Any CPU
		{A11CDA3D-EA8A-C032-07C5-9E364E5C1457}.Debug|Any CPU.Build.0 = Debug|Any CPU
		{A11CDA3D-EA8A-C032-07C5-9E364E5C1457}.Release|Any CPU.ActiveCfg = Release|Any CPU
		{A11CDA3D-EA8A-C032-07C5-9E364E5C1457}.Release|Any CPU.Build.0 = Release|Any CPU
		{6946D168-BE22-B3F2-250C-5BEDC61E05DD}.Debug|Any CPU.ActiveCfg = Debug|Any CPU
		{6946D168-BE22-B3F2-250C-5BEDC61E05DD}.Debug|Any CPU.Build.0 = Debug|Any CPU
		{6946D168-BE22-B3F2-250C-5BEDC61E05DD}.Release|Any CPU.ActiveCfg = Release|Any CPU
		{6946D168-BE22-B3F2-250C-5BEDC61E05DD}.Release|Any CPU.Build.0 = Release|Any CPU
	EndGlobalSection
	GlobalSection(SolutionProperties) = preSolution
		HideSolutionNode = FALSE
	EndGlobalSection
EndGlobal
